[root]
name = "sassers"
version = "0.13.4-maybe-not-broken"
dependencies = [
 "docopt 0.6.78 (registry+https://github.com/rust-lang/crates.io-index)",
 "env_logger 0.3.2 (registry+https://github.com/rust-lang/crates.io-index)",
 "log 0.3.5 (registry+https://github.com/rust-lang/crates.io-index)",
 "regex 0.1.48 (registry+https://github.com/rust-lang/crates.io-index)",
]

[[package]]
name = "aho-corasick"
version = "0.4.1"
source = "registry+https://github.com/rust-lang/crates.io-index"
dependencies = [
 "memchr 0.1.7 (registry+https://github.com/rust-lang/crates.io-index)",
]

[[package]]
name = "docopt"
version = "0.6.78"
source = "registry+https://github.com/rust-lang/crates.io-index"
dependencies = [
 "regex 0.1.48 (registry+https://github.com/rust-lang/crates.io-index)",
 "rustc-serialize 0.3.16 (registry+https://github.com/rust-lang/crates.io-index)",
 "strsim 0.3.0 (registry+https://github.com/rust-lang/crates.io-index)",
]

[[package]]
name = "env_logger"
version = "0.3.2"
source = "registry+https://github.com/rust-lang/crates.io-index"
dependencies = [
 "log 0.3.5 (registry+https://github.com/rust-lang/crates.io-index)",
 "regex 0.1.48 (registry+https://github.com/rust-lang/crates.io-index)",
]

[[package]]
name = "libc"
version = "0.2.6"
source = "registry+https://github.com/rust-lang/crates.io-index"

[[package]]
name = "log"
version = "0.3.5"
source = "registry+https://github.com/rust-lang/crates.io-index"
dependencies = [
 "libc 0.2.6 (registry+https://github.com/rust-lang/crates.io-index)",
]

[[package]]
name = "memchr"
version = "0.1.7"
source = "registry+https://github.com/rust-lang/crates.io-index"
dependencies = [
 "libc 0.2.6 (registry+https://github.com/rust-lang/crates.io-index)",
]

[[package]]
name = "regex"
version = "0.1.48"
source = "registry+https://github.com/rust-lang/crates.io-index"
dependencies = [
 "aho-corasick 0.4.1 (registry+https://github.com/rust-lang/crates.io-index)",
 "memchr 0.1.7 (registry+https://github.com/rust-lang/crates.io-index)",
 "regex-syntax 0.2.2 (registry+https://github.com/rust-lang/crates.io-index)",
]

[[package]]
name = "regex-syntax"
version = "0.2.2"
source = "registry+https://github.com/rust-lang/crates.io-index"

[[package]]
name = "rustc-serialize"
version = "0.3.16"
source = "registry+https://github.com/rust-lang/crates.io-index"

[[package]]
name = "strsim"
version = "0.3.0"
source = "registry+https://github.com/rust-lang/crates.io-index"

[metadata]
"checksum aho-corasick 0.4.1 (registry+https://github.com/rust-lang/crates.io-index)" = "cbb1525a3fbc3adf1d4e071993e7fcf519b69dee8e939fe06e8e80ce4eb7ceb0"
"checksum docopt 0.6.78 (registry+https://github.com/rust-lang/crates.io-index)" = "55792ca5bb933e55a3e17888838883f854b029945310c9a0ea4f65ebda366155"
"checksum env_logger 0.3.2 (registry+https://github.com/rust-lang/crates.io-index)" = "b6bbe7c0b619c81b9a1fd122ab3c7ef19a7b27cdba3c8486314b6f275ca211a4"
"checksum libc 0.2.6 (registry+https://github.com/rust-lang/crates.io-index)" = "b608bf5e09bb38b075938d5d261682511bae283ef4549cc24fa66b1b8050de7b"
"checksum log 0.3.5 (registry+https://github.com/rust-lang/crates.io-index)" = "038b5d13189a14e5b6ac384fdb7c691a45ef0885f6d2dddbf422e6c3506b8234"
"checksum memchr 0.1.7 (registry+https://github.com/rust-lang/crates.io-index)" = "dc66b0957bf6ae6590681ceac49b0df16823d43037d49aaf2ee658d483af30ab"
"checksum regex 0.1.48 (registry+https://github.com/rust-lang/crates.io-index)" = "b18fb275e8469e650641f539711907925f12b9ff702d80e1b06088fa245b3320"
"checksum regex-syntax 0.2.2 (registry+https://github.com/rust-lang/crates.io-index)" = "fcf1e805b0a23c845be2a303136d840a1511284727bc1f1fc32d079552ef901f"
"checksum rustc-serialize 0.3.16 (registry+https://github.com/rust-lang/crates.io-index)" = "1a48546a64cae47d06885e9bccadb99d0547d877a94c5167fa451ea33a484456"
"checksum strsim 0.3.0 (registry+https://github.com/rust-lang/crates.io-index)" = "e4d73a2c36a4d095ed1a6df5cbeac159863173447f7a82b3f4757426844ab825"
